
Microsoft Visual Studio Solution File, Format Version 12.00
# Visual Studio 15
VisualStudioVersion = 15.0.28010.2046
MinimumVisualStudioVersion = 10.0.40219.1
Project("{FAE04EC0-301F-11D3-BF4B-00C04F79EFBC}") = "XamarinFirstApp.Android", "XamarinFirstApp\XamarinFirstApp.Android\XamarinFirstApp.Android.csproj", "{2345F5CA-4D24-42ED-867B-163488671F1C}"
EndProject
Project("{FAE04EC0-301F-11D3-BF4B-00C04F79EFBC}") = "XamarinFirstApp.iOS", "XamarinFirstApp\XamarinFirstApp.iOS\XamarinFirstApp.iOS.csproj", "{DAA67176-9A1D-4B67-970C-A6820632C558}"
EndProject
Project("{FAE04EC0-301F-11D3-BF4B-00C04F79EFBC}") = "XamarinFirstApp", "XamarinFirstApp\XamarinFirstApp\XamarinFirstApp.csproj", "{6E6D6C9D-F753-4635-96F5-5312B3B6897B}"
EndProject
Global
	GlobalSection(SolutionConfigurationPlatforms) = preSolution
		Ad-Hoc|Any CPU = Ad-Hoc|Any CPU
		Ad-Hoc|iPhone = Ad-Hoc|iPhone
		Ad-Hoc|iPhoneSimulator = Ad-Hoc|iPhoneSimulator
		AppStore|Any CPU = AppStore|Any CPU
		AppStore|iPhone = AppStore|iPhone
		AppStore|iPhoneSimulator = AppStore|iPhoneSimulator
		Debug|Any CPU = Debug|Any CPU
		Debug|iPhone = Debug|iPhone
		Debug|iPhoneSimulator = Debug|iPhoneSimulator
		Release|Any CPU = Release|Any CPU
		Release|iPhone = Release|iPhone
		Release|iPhoneSimulator = Release|iPhoneSimulator
	EndGlobalSection
	GlobalSection(ProjectConfigurationPlatforms) = postSolution
		{2345F5CA-4D24-42ED-867B-163488671F1C}.Ad-Hoc|Any CPU.ActiveCfg = Release|Any CPU
		{2345F5CA-4D24-42ED-867B-163488671F1C}.Ad-Hoc|Any CPU.Build.0 = Release|Any CPU
		{2345F5CA-4D24-42ED-867B-163488671F1C}.Ad-Hoc|Any CPU.Deploy.0 = Release|Any CPU
		{2345F5CA-4D24-42ED-867B-163488671F1C}.Ad-Hoc|iPhone.ActiveCfg = Release|Any CPU
		{2345F5CA-4D24-42ED-867B-163488671F1C}.Ad-Hoc|iPhone.Build.0 = Release|Any CPU
		{2345F5CA-4D24-42ED-867B-163488671F1C}.Ad-Hoc|iPhone.Deploy.0 = Release|Any CPU
		{2345F5CA-4D24-42ED-867B-163488671F1C}.Ad-Hoc|iPhoneSimulator.ActiveCfg = Release|Any CPU
		{2345F5CA-4D24-42ED-867B-163488671F1C}.Ad-Hoc|iPhoneSimulator.Build.0 = Release|Any CPU
		{2345F5CA-4D24-42ED-867B-163488671F1C}.Ad-Hoc|iPhoneSimulator.Deploy.0 = Release|Any CPU
		{2345F5CA-4D24-42ED-867B-163488671F1C}.AppStore|Any CPU.ActiveCfg = Release|Any CPU
		{2345F5CA-4D24-42ED-867B-163488671F1C}.AppStore|Any CPU.Build.0 = Release|Any CPU
		{2345F5CA-4D24-42ED-867B-163488671F1C}.AppStore|Any CPU.Deploy.0 = Release|Any CPU
		{2345F5CA-4D24-42ED-867B-163488671F1C}.AppStore|iPhone.ActiveCfg = Release|Any CPU
		{2345F5CA-4D24-42ED-867B-163488671F1C}.AppStore|iPhone.Build.0 = Release|Any CPU
		{2345F5CA-4D24-42ED-867B-163488671F1C}.AppStore|iPhone.Deploy.0 = Release|Any CPU
		{2345F5CA-4D24-42ED-867B-163488671F1C}.AppStore|iPhoneSimulator.ActiveCfg = Release|Any CPU
		{2345F5CA-4D24-42ED-867B-163488671F1C}.AppStore|iPhoneSimulator.Build.0 = Release|Any CPU
		{2345F5CA-4D24-42ED-867B-163488671F1C}.AppStore|iPhoneSimulator.Deploy.0 = Release|Any CPU
		{2345F5CA-4D24-42ED-867B-163488671F1C}.Debug|Any CPU.ActiveCfg = Debug|Any CPU
		{2345F5CA-4D24-42ED-867B-163488671F1C}.Debug|Any CPU.Build.0 = Debug|Any CPU
		{2345F5CA-4D24-42ED-867B-163488671F1C}.Debug|Any CPU.Deploy.0 = Debug|Any CPU
		{2345F5CA-4D24-42ED-867B-163488671F1C}.Debug|iPhone.ActiveCfg = Debug|Any CPU
		{2345F5CA-4D24-42ED-867B-163488671F1C}.Debug|iPhone.Build.0 = Debug|Any CPU
		{2345F5CA-4D24-42ED-867B-163488671F1C}.Debug|iPhone.Deploy.0 = Debug|Any CPU
		{2345F5CA-4D24-42ED-867B-163488671F1C}.Debug|iPhoneSimulator.ActiveCfg = Debug|Any CPU
		{2345F5CA-4D24-42ED-867B-163488671F1C}.Debug|iPhoneSimulator.Build.0 = Debug|Any CPU
		{2345F5CA-4D24-42ED-867B-163488671F1C}.Debug|iPhoneSimulator.Deploy.0 = Debug|Any CPU
		{2345F5CA-4D24-42ED-867B-163488671F1C}.Release|Any CPU.ActiveCfg = Release|Any CPU
		{2345F5CA-4D24-42ED-867B-163488671F1C}.Release|Any CPU.Build.0 = Release|Any CPU
		{2345F5CA-4D24-42ED-867B-163488671F1C}.Release|Any CPU.Deploy.0 = Release|Any CPU
		{2345F5CA-4D24-42ED-867B-163488671F1C}.Release|iPhone.ActiveCfg = Release|Any CPU
		{2345F5CA-4D24-42ED-867B-163488671F1C}.Release|iPhone.Build.0 = Release|Any CPU
		{2345F5CA-4D24-42ED-867B-163488671F1C}.Release|iPhone.Deploy.0 = Release|Any CPU
		{2345F5CA-4D24-42ED-867B-163488671F1C}.Release|iPhoneSimulator.ActiveCfg = Release|Any CPU
		{2345F5CA-4D24-42ED-867B-163488671F1C}.Release|iPhoneSimulator.Build.0 = Release|Any CPU
		{2345F5CA-4D24-42ED-867B-163488671F1C}.Release|iPhoneSimulator.Deploy.0 = Release|Any CPU
		{DAA67176-9A1D-4B67-970C-A6820632C558}.Ad-Hoc|Any CPU.ActiveCfg = Ad-Hoc|iPhone
		{DAA67176-9A1D-4B67-970C-A6820632C558}.Ad-Hoc|Any CPU.Build.0 = Ad-Hoc|iPhone
		{DAA67176-9A1D-4B67-970C-A6820632C558}.Ad-Hoc|Any CPU.Deploy.0 = Ad-Hoc|iPhone
		{DAA67176-9A1D-4B67-970C-A6820632C558}.Ad-Hoc|iPhone.ActiveCfg = Ad-Hoc|iPhone
		{DAA67176-9A1D-4B67-970C-A6820632C558}.Ad-Hoc|iPhone.Build.0 = Ad-Hoc|iPhone
		{DAA67176-9A1D-4B67-970C-A6820632C558}.Ad-Hoc|iPhone.Deploy.0 = Ad-Hoc|iPhone
		{DAA67176-9A1D-4B67-970C-A6820632C558}.Ad-Hoc|iPhoneSimulator.ActiveCfg = Ad-Hoc|iPhoneSimulator
		{DAA67176-9A1D-4B67-970C-A6820632C558}.Ad-Hoc|iPhoneSimulator.Build.0 = Ad-Hoc|iPhoneSimulator
		{DAA67176-9A1D-4B67-970C-A6820632C558}.Ad-Hoc|iPhoneSimulator.Deploy.0 = Ad-Hoc|iPhoneSimulator
		{DAA67176-9A1D-4B67-970C-A6820632C558}.AppStore|Any CPU.ActiveCfg = AppStore|iPhone
		{DAA67176-9A1D-4B67-970C-A6820632C558}.AppStore|Any CPU.Build.0 = AppStore|iPhone
		{DAA67176-9A1D-4B67-970C-A6820632C558}.AppStore|Any CPU.Deploy.0 = AppStore|iPhone
		{DAA67176-9A1D-4B67-970C-A6820632C558}.AppStore|iPhone.ActiveCfg = AppStore|iPhone
		{DAA67176-9A1D-4B67-970C-A6820632C558}.AppStore|iPhone.Build.0 = AppStore|iPhone
		{DAA67176-9A1D-4B67-970C-A6820632C558}.AppStore|iPhone.Deploy.0 = AppStore|iPhone
		{DAA67176-9A1D-4B67-970C-A6820632C558}.AppStore|iPhoneSimulator.ActiveCfg = AppStore|iPhoneSimulator
		{DAA67176-9A1D-4B67-970C-A6820632C558}.AppStore|iPhoneSimulator.Build.0 = AppStore|iPhoneSimulator
		{DAA67176-9A1D-4B67-970C-A6820632C558}.AppStore|iPhoneSimulator.Deploy.0 = AppStore|iPhoneSimulator
		{DAA67176-9A1D-4B67-970C-A6820632C558}.Debug|Any CPU.ActiveCfg = Debug|iPhoneSimulator
		{DAA67176-9A1D-4B67-970C-A6820632C558}.Debug|Any CPU.Build.0 = Debug|iPhoneSimulator
		{DAA67176-9A1D-4B67-970C-A6820632C558}.Debug|Any CPU.Deploy.0 = Debug|iPhoneSimulator
		{DAA67176-9A1D-4B67-970C-A6820632C558}.Debug|iPhone.ActiveCfg = Debug|iPhone
		{DAA67176-9A1D-4B67-970C-A6820632C558}.Debug|iPhone.Build.0 = Debug|iPhone
		{DAA67176-9A1D-4B67-970C-A6820632C558}.Debug|iPhone.Deploy.0 = Debug|iPhone
		{DAA67176-9A1D-4B67-970C-A6820632C558}.Debug|iPhoneSimulator.ActiveCfg = Debug|iPhoneSimulator
		{DAA67176-9A1D-4B67-970C-A6820632C558}.Debug|iPhoneSimulator.Build.0 = Debug|iPhoneSimulator
		{DAA67176-9A1D-4B67-970C-A6820632C558}.Debug|iPhoneSimulator.Deploy.0 = Debug|iPhoneSimulator
		{DAA67176-9A1D-4B67-970C-A6820632C558}.Release|Any CPU.ActiveCfg = Release|iPhone
		{DAA67176-9A1D-4B67-970C-A6820632C558}.Release|Any CPU.Build.0 = Release|iPhone
		{DAA67176-9A1D-4B67-970C-A6820632C558}.Release|Any CPU.Deploy.0 = Release|iPhone
		{DAA67176-9A1D-4B67-970C-A6820632C558}.Release|iPhone.ActiveCfg = Release|iPhone
		{DAA67176-9A1D-4B67-970C-A6820632C558}.Release|iPhone.Build.0 = Release|iPhone
		{DAA67176-9A1D-4B67-970C-A6820632C558}.Release|iPhone.Deploy.0 = Release|iPhone
		{DAA67176-9A1D-4B67-970C-A6820632C558}.Release|iPhoneSimulator.ActiveCfg = Release|iPhoneSimulator
		{DAA67176-9A1D-4B67-970C-A6820632C558}.Release|iPhoneSimulator.Build.0 = Release|iPhoneSimulator
		{DAA67176-9A1D-4B67-970C-A6820632C558}.Release|iPhoneSimulator.Deploy.0 = Release|iPhoneSimulator
		{6E6D6C9D-F753-4635-96F5-5312B3B6897B}.Ad-Hoc|Any CPU.ActiveCfg = Debug|Any CPU
		{6E6D6C9D-F753-4635-96F5-5312B3B6897B}.Ad-Hoc|Any CPU.Build.0 = Debug|Any CPU
		{6E6D6C9D-F753-4635-96F5-5312B3B6897B}.Ad-Hoc|Any CPU.Deploy.0 = Debug|Any CPU
		{6E6D6C9D-F753-4635-96F5-5312B3B6897B}.Ad-Hoc|iPhone.ActiveCfg = Debug|Any CPU
		{6E6D6C9D-F753-4635-96F5-5312B3B6897B}.Ad-Hoc|iPhone.Build.0 = Debug|Any CPU
		{6E6D6C9D-F753-4635-96F5-5312B3B6897B}.Ad-Hoc|iPhone.Deploy.0 = Debug|Any CPU
		{6E6D6C9D-F753-4635-96F5-5312B3B6897B}.Ad-Hoc|iPhoneSimulator.ActiveCfg = Debug|Any CPU
		{6E6D6C9D-F753-4635-96F5-5312B3B6897B}.Ad-Hoc|iPhoneSimulator.Build.0 = Debug|Any CPU
		{6E6D6C9D-F753-4635-96F5-5312B3B6897B}.Ad-Hoc|iPhoneSimulator.Deploy.0 = Debug|Any CPU
		{6E6D6C9D-F753-4635-96F5-5312B3B6897B}.AppStore|Any CPU.ActiveCfg = Debug|Any CPU
		{6E6D6C9D-F753-4635-96F5-5312B3B6897B}.AppStore|Any CPU.Build.0 = Debug|Any CPU
		{6E6D6C9D-F753-4635-96F5-5312B3B6897B}.AppStore|Any CPU.Deploy.0 = Debug|Any CPU
		{6E6D6C9D-F753-4635-96F5-5312B3B6897B}.AppStore|iPhone.ActiveCfg = Debug|Any CPU
		{6E6D6C9D-F753-4635-96F5-5312B3B6897B}.AppStore|iPhone.Build.0 = Debug|Any CPU
		{6E6D6C9D-F753-4635-96F5-5312B3B6897B}.AppStore|iPhone.Deploy.0 = Debug|Any CPU
		{6E6D6C9D-F753-4635-96F5-5312B3B6897B}.AppStore|iPhoneSimulator.ActiveCfg = Debug|Any CPU
		{6E6D6C9D-F753-4635-96F5-5312B3B6897B}.AppStore|iPhoneSimulator.Build.0 = Debug|Any CPU
		{6E6D6C9D-F753-4635-96F5-5312B3B6897B}.AppStore|iPhoneSimulator.Deploy.0 = Debug|Any CPU
		{6E6D6C9D-F753-4635-96F5-5312B3B6897B}.Debug|Any CPU.ActiveCfg = Debug|Any CPU
		{6E6D6C9D-F753-4635-96F5-5312B3B6897B}.Debug|Any CPU.Build.0 = Debug|Any CPU
		{6E6D6C9D-F753-4635-96F5-5312B3B6897B}.Debug|Any CPU.Deploy.0 = Debug|Any CPU
		{6E6D6C9D-F753-4635-96F5-5312B3B6897B}.Debug|iPhone.ActiveCfg = Debug|Any CPU
		{6E6D6C9D-F753-4635-96F5-5312B3B6897B}.Debug|iPhone.Build.0 = Debug|Any CPU
		{6E6D6C9D-F753-4635-96F5-5312B3B6897B}.Debug|iPhone.Deploy.0 = Debug|Any CPU
		{6E6D6C9D-F753-4635-96F5-5312B3B6897B}.Debug|iPhoneSimulator.ActiveCfg = Debug|Any CPU
		{6E6D6C9D-F753-4635-96F5-5312B3B6897B}.Debug|iPhoneSimulator.Build.0 = Debug|Any CPU
		{6E6D6C9D-F753-4635-96F5-5312B3B6897B}.Debug|iPhoneSimulator.Deploy.0 = Debug|Any CPU
		{6E6D6C9D-F753-4635-96F5-5312B3B6897B}.Release|Any CPU.ActiveCfg = Release|Any CPU
		{6E6D6C9D-F753-4635-96F5-5312B3B6897B}.Release|Any CPU.Build.0 = Release|Any CPU
		{6E6D6C9D-F753-4635-96F5-5312B3B6897B}.Release|Any CPU.Deploy.0 = Release|Any CPU
		{6E6D6C9D-F753-4635-96F5-5312B3B6897B}.Release|iPhone.ActiveCfg = Release|Any CPU
		{6E6D6C9D-F753-4635-96F5-5312B3B6897B}.Release|iPhone.Build.0 = Release|Any CPU
		{6E6D6C9D-F753-4635-96F5-5312B3B6897B}.Release|iPhone.Deploy.0 = Release|Any CPU
		{6E6D6C9D-F753-4635-96F5-5312B3B6897B}.Release|iPhoneSimulator.ActiveCfg = Release|Any CPU
		{6E6D6C9D-F753-4635-96F5-5312B3B6897B}.Release|iPhoneSimulator.Build.0 = Release|Any CPU
		{6E6D6C9D-F753-4635-96F5-5312B3B6897B}.Release|iPhoneSimulator.Deploy.0 = Release|Any CPU
	EndGlobalSection
	GlobalSection(SolutionProperties) = preSolution
		HideSolutionNode = FALSE
	EndGlobalSection
	GlobalSection(ExtensibilityGlobals) = postSolution
		SolutionGuid = {27F1C5A8-40BC-45B9-BA5F-AC1206C21173}
	EndGlobalSection
EndGlobal
